// !$*UTF8*$!
{
	archiveVersion = 1;
	classes = {
	};
	objectVersion = 56;
	objects = {

/* Begin PBXBuildFile section */
		044EB3182A332845002A74F3 /* SettingsViewModel.swift in Sources */ = {isa = PBXBuildFile; fileRef = 044EB3172A332845002A74F3 /* SettingsViewModel.swift */; };
		044EB33C2A333958002A74F3 /* Rates.swift in Sources */ = {isa = PBXBuildFile; fileRef = 044EB33B2A333958002A74F3 /* Rates.swift */; };
		044EB33F2A33786C002A74F3 /* Cart.storyboard in Resources */ = {isa = PBXBuildFile; fileRef = 044EB33E2A33786C002A74F3 /* Cart.storyboard */; };
		044EB3422A3378B3002A74F3 /* ShoppingCartViewController.swift in Sources */ = {isa = PBXBuildFile; fileRef = 044EB3412A3378B3002A74F3 /* ShoppingCartViewController.swift */; };
		044EB3452A338C83002A74F3 /* ShoppingCartTableViewCell.swift in Sources */ = {isa = PBXBuildFile; fileRef = 044EB3432A338C83002A74F3 /* ShoppingCartTableViewCell.swift */; };
		044EB3462A338C83002A74F3 /* ShoppingCartTableViewCell.xib in Resources */ = {isa = PBXBuildFile; fileRef = 044EB3442A338C83002A74F3 /* ShoppingCartTableViewCell.xib */; };
		0455EA772A2CE9E30019C03C /* AddAddressViewController.swift in Sources */ = {isa = PBXBuildFile; fileRef = 0455EA762A2CE9E30019C03C /* AddAddressViewController.swift */; };
		047927202A2B7FB60097907D /* SettingsViewController.swift in Sources */ = {isa = PBXBuildFile; fileRef = 0479271F2A2B7FB60097907D /* SettingsViewController.swift */; };
		047AC20F2A34A01200438F8C /* CurrencyViewModel.swift in Sources */ = {isa = PBXBuildFile; fileRef = 047AC20E2A34A01200438F8C /* CurrencyViewModel.swift */; };
		0481448D2A33220F00F495E9 /* Currency.swift in Sources */ = {isa = PBXBuildFile; fileRef = 0481448C2A33220D00F495E9 /* Currency.swift */; };
		048344C82A2CB6D400D1B793 /* AddressViewController.swift in Sources */ = {isa = PBXBuildFile; fileRef = 048344C72A2CB6D400D1B793 /* AddressViewController.swift */; };
		048344CA2A2CC6E300D1B793 /* CurrencyViewController.swift in Sources */ = {isa = PBXBuildFile; fileRef = 048344C92A2CC6E300D1B793 /* CurrencyViewController.swift */; };
		048344CC2A2CC70600D1B793 /* ConnectToUsViewController.swift in Sources */ = {isa = PBXBuildFile; fileRef = 048344CB2A2CC70600D1B793 /* ConnectToUsViewController.swift */; };
		048344CE2A2CD2C800D1B793 /* AddressTableViewCell.swift in Sources */ = {isa = PBXBuildFile; fileRef = 048344CD2A2CD2C800D1B793 /* AddressTableViewCell.swift */; };
		048827972A2D0D85009DFD9B /* FavoritesStoryBoard.storyboard in Resources */ = {isa = PBXBuildFile; fileRef = 048827962A2D0D85009DFD9B /* FavoritesStoryBoard.storyboard */; };
		048C56572A3239EA0016AE06 /* DatabaseManager.swift in Sources */ = {isa = PBXBuildFile; fileRef = 048C56562A3239EA0016AE06 /* DatabaseManager.swift */; };
		048C56592A323A100016AE06 /* LocalProduct.swift in Sources */ = {isa = PBXBuildFile; fileRef = 048C56582A323A100016AE06 /* LocalProduct.swift */; };
		048C565B2A3241CA0016AE06 /* FavoritesViewModel.swift in Sources */ = {isa = PBXBuildFile; fileRef = 048C565A2A3241CA0016AE06 /* FavoritesViewModel.swift */; };
		04935FB32A2D25C90093A73E /* AboutInDoorViewController.swift in Sources */ = {isa = PBXBuildFile; fileRef = 04935FB22A2D25C90093A73E /* AboutInDoorViewController.swift */; };
		049D4B6E2A34971300A9386F /* DatabaseService.swift in Sources */ = {isa = PBXBuildFile; fileRef = 049D4B6D2A34971300A9386F /* DatabaseService.swift */; };
		04A1567F2A2D178000189909 /* FavoritesCell.swift in Sources */ = {isa = PBXBuildFile; fileRef = 04A1567D2A2D178000189909 /* FavoritesCell.swift */; };
		04A156802A2D178000189909 /* FavoritesCell.xib in Resources */ = {isa = PBXBuildFile; fileRef = 04A1567E2A2D178000189909 /* FavoritesCell.xib */; };
		04A156822A2D225E00189909 /* FavoritesViewController.swift in Sources */ = {isa = PBXBuildFile; fileRef = 04A156812A2D225E00189909 /* FavoritesViewController.swift */; };
		04E46E672A30D931002DB72B /* CurrencyTableViewCell.swift in Sources */ = {isa = PBXBuildFile; fileRef = 04E46E662A30D931002DB72B /* CurrencyTableViewCell.swift */; };
		04E4F6FD2A2A639100566559 /* Settings.storyboard in Resources */ = {isa = PBXBuildFile; fileRef = 04E4F6FC2A2A639100566559 /* Settings.storyboard */; };
		6106CDD42A33339100627234 /* CategoryViewController.swift in Sources */ = {isa = PBXBuildFile; fileRef = 6106CDD32A33339100627234 /* CategoryViewController.swift */; };
		6106CDD62A33650200627234 /* CategoryViewModel.swift in Sources */ = {isa = PBXBuildFile; fileRef = 6106CDD52A33650200627234 /* CategoryViewModel.swift */; };
		6106CDD82A3365FB00627234 /* CustomCollections.swift in Sources */ = {isa = PBXBuildFile; fileRef = 6106CDD72A3365FB00627234 /* CustomCollections.swift */; };
		614798B92A2B755B009CCD30 /* Home.storyboard in Resources */ = {isa = PBXBuildFile; fileRef = 614798B82A2B755B009CCD30 /* Home.storyboard */; };
		6168AA282A2BDD8C00A8E33C /* NetworkProtocol.swift in Sources */ = {isa = PBXBuildFile; fileRef = 6168AA272A2BDD8C00A8E33C /* NetworkProtocol.swift */; };
		6168AA2A2A2BDDF400A8E33C /* Network.swift in Sources */ = {isa = PBXBuildFile; fileRef = 6168AA292A2BDDF400A8E33C /* Network.swift */; };
		6168AA2E2A2BE05B00A8E33C /* Product.swift in Sources */ = {isa = PBXBuildFile; fileRef = 6168AA2D2A2BE05B00A8E33C /* Product.swift */; };
		6168AA302A2BE07A00A8E33C /* Variants.swift in Sources */ = {isa = PBXBuildFile; fileRef = 6168AA2F2A2BE07A00A8E33C /* Variants.swift */; };
		6168AA322A2BE0A700A8E33C /* Options.swift in Sources */ = {isa = PBXBuildFile; fileRef = 6168AA312A2BE0A700A8E33C /* Options.swift */; };
		6168AA362A2BE0D400A8E33C /* Image.swift in Sources */ = {isa = PBXBuildFile; fileRef = 6168AA352A2BE0D400A8E33C /* Image.swift */; };
		6168AA392A2BE36B00A8E33C /* HomeViewModel.swift in Sources */ = {isa = PBXBuildFile; fileRef = 6168AA382A2BE36B00A8E33C /* HomeViewModel.swift */; };
		6168AA3D2A2BE4EA00A8E33C /* SmartCollections.swift in Sources */ = {isa = PBXBuildFile; fileRef = 6168AA3C2A2BE4EA00A8E33C /* SmartCollections.swift */; };
		6168AA3F2A2BE50300A8E33C /* Rules.swift in Sources */ = {isa = PBXBuildFile; fileRef = 6168AA3E2A2BE50300A8E33C /* Rules.swift */; };
		6168AA412A2BE87B00A8E33C /* Response.swift in Sources */ = {isa = PBXBuildFile; fileRef = 6168AA402A2BE87B00A8E33C /* Response.swift */; };
		61A19C972A322A8D0067D2F2 /* Constants.swift in Sources */ = {isa = PBXBuildFile; fileRef = 61A19C962A322A8D0067D2F2 /* Constants.swift */; };
		61A19C9B2A327D890067D2F2 /* Splitter.swift in Sources */ = {isa = PBXBuildFile; fileRef = 61A19C9A2A327D890067D2F2 /* Splitter.swift */; };
		61B8845D2A34CFFC0085E614 /* ProfileViewController.swift in Sources */ = {isa = PBXBuildFile; fileRef = 61B8845C2A34CFFC0085E614 /* ProfileViewController.swift */; };
		61DDC23C2A30D0620093A1DE /* BrandViewController.swift in Sources */ = {isa = PBXBuildFile; fileRef = 61DDC23B2A30D0620093A1DE /* BrandViewController.swift */; };
		61DDC2402A30D0C20093A1DE /* BrandViewModel.swift in Sources */ = {isa = PBXBuildFile; fileRef = 61DDC23F2A30D0C20093A1DE /* BrandViewModel.swift */; };
		61DDC2432A30E2460093A1DE /* BrandProductCollectionViewCell.swift in Sources */ = {isa = PBXBuildFile; fileRef = 61DDC2412A30E2460093A1DE /* BrandProductCollectionViewCell.swift */; };
		61DDC2442A30E2460093A1DE /* BrandProductCollectionViewCell.xib in Resources */ = {isa = PBXBuildFile; fileRef = 61DDC2422A30E2460093A1DE /* BrandProductCollectionViewCell.xib */; };
		61E516042A2922EA004DAA1D /* AppDelegate.swift in Sources */ = {isa = PBXBuildFile; fileRef = 61E516032A2922EA004DAA1D /* AppDelegate.swift */; };
		61E516062A2922EA004DAA1D /* SceneDelegate.swift in Sources */ = {isa = PBXBuildFile; fileRef = 61E516052A2922EA004DAA1D /* SceneDelegate.swift */; };
		61E516082A2922EA004DAA1D /* ViewController.swift in Sources */ = {isa = PBXBuildFile; fileRef = 61E516072A2922EA004DAA1D /* ViewController.swift */; };
		61E5160B2A2922EA004DAA1D /* Main.storyboard in Resources */ = {isa = PBXBuildFile; fileRef = 61E516092A2922EA004DAA1D /* Main.storyboard */; };
		61E5160E2A2922EA004DAA1D /* InDoor_User.xcdatamodeld in Sources */ = {isa = PBXBuildFile; fileRef = 61E5160C2A2922EA004DAA1D /* InDoor_User.xcdatamodeld */; };
		61E516102A2922EB004DAA1D /* Assets.xcassets in Resources */ = {isa = PBXBuildFile; fileRef = 61E5160F2A2922EB004DAA1D /* Assets.xcassets */; };
		61E516132A2922EB004DAA1D /* LaunchScreen.storyboard in Resources */ = {isa = PBXBuildFile; fileRef = 61E516112A2922EB004DAA1D /* LaunchScreen.storyboard */; };
		61E5161E2A2922EC004DAA1D /* InDoor_UserTests.swift in Sources */ = {isa = PBXBuildFile; fileRef = 61E5161D2A2922EC004DAA1D /* InDoor_UserTests.swift */; };
		61E516282A2922EC004DAA1D /* InDoor_UserUITests.swift in Sources */ = {isa = PBXBuildFile; fileRef = 61E516272A2922EC004DAA1D /* InDoor_UserUITests.swift */; };
		61E5162A2A2922EC004DAA1D /* InDoor_UserUITestsLaunchTests.swift in Sources */ = {isa = PBXBuildFile; fileRef = 61E516292A2922EC004DAA1D /* InDoor_UserUITestsLaunchTests.swift */; };
		61E5163D2A2923FF004DAA1D /* Alerts.swift in Sources */ = {isa = PBXBuildFile; fileRef = 61E5163C2A2923FF004DAA1D /* Alerts.swift */; };
		61FD1DD42A2B9755008B938D /* HomeViewController.swift in Sources */ = {isa = PBXBuildFile; fileRef = 61FD1DD32A2B9755008B938D /* HomeViewController.swift */; };
		61FD1DD82A2BA98A008B938D /* MainTabBarController.swift in Sources */ = {isa = PBXBuildFile; fileRef = 61FD1DD72A2BA98A008B938D /* MainTabBarController.swift */; };
		61FD1DDE2A2BCA29008B938D /* BrandCollectionViewCell.swift in Sources */ = {isa = PBXBuildFile; fileRef = 61FD1DDD2A2BCA29008B938D /* BrandCollectionViewCell.swift */; };
		920271F084C4E95FCF45CD93 /* Pods_InDoor_User_InDoor_UserUITests.framework in Frameworks */ = {isa = PBXBuildFile; fileRef = 940000ACFC4575F88A20FB5D /* Pods_InDoor_User_InDoor_UserUITests.framework */; };
		9D1FD3989110A749C97AEEB6 /* Pods_InDoor_User.framework in Frameworks */ = {isa = PBXBuildFile; fileRef = 7AA1447C2C4FA3E4CC670BE8 /* Pods_InDoor_User.framework */; };
		F5F61E117AAF616C3BD5CFFC /* Pods_InDoor_UserTests.framework in Frameworks */ = {isa = PBXBuildFile; fileRef = D0C6DB28A14E65054943143A /* Pods_InDoor_UserTests.framework */; };
/* End PBXBuildFile section */

/* Begin PBXContainerItemProxy section */
		61E5161A2A2922EC004DAA1D /* PBXContainerItemProxy */ = {
			isa = PBXContainerItemProxy;
			containerPortal = 61E515F82A2922EA004DAA1D /* Project object */;
			proxyType = 1;
			remoteGlobalIDString = 61E515FF2A2922EA004DAA1D;
			remoteInfo = "InDoor-User";
		};
		61E516242A2922EC004DAA1D /* PBXContainerItemProxy */ = {
			isa = PBXContainerItemProxy;
			containerPortal = 61E515F82A2922EA004DAA1D /* Project object */;
			proxyType = 1;
			remoteGlobalIDString = 61E515FF2A2922EA004DAA1D;
			remoteInfo = "InDoor-User";
		};
/* End PBXContainerItemProxy section */

/* Begin PBXFileReference section */
		044EB3172A332845002A74F3 /* SettingsViewModel.swift */ = {isa = PBXFileReference; lastKnownFileType = sourcecode.swift; path = SettingsViewModel.swift; sourceTree = "<group>"; };
		044EB33B2A333958002A74F3 /* Rates.swift */ = {isa = PBXFileReference; lastKnownFileType = sourcecode.swift; path = Rates.swift; sourceTree = "<group>"; };
		044EB33E2A33786C002A74F3 /* Cart.storyboard */ = {isa = PBXFileReference; lastKnownFileType = file.storyboard; path = Cart.storyboard; sourceTree = "<group>"; };
		044EB3412A3378B3002A74F3 /* ShoppingCartViewController.swift */ = {isa = PBXFileReference; lastKnownFileType = sourcecode.swift; path = ShoppingCartViewController.swift; sourceTree = "<group>"; };
		044EB3432A338C83002A74F3 /* ShoppingCartTableViewCell.swift */ = {isa = PBXFileReference; lastKnownFileType = sourcecode.swift; path = ShoppingCartTableViewCell.swift; sourceTree = "<group>"; };
		044EB3442A338C83002A74F3 /* ShoppingCartTableViewCell.xib */ = {isa = PBXFileReference; lastKnownFileType = file.xib; path = ShoppingCartTableViewCell.xib; sourceTree = "<group>"; };
		0455EA762A2CE9E30019C03C /* AddAddressViewController.swift */ = {isa = PBXFileReference; lastKnownFileType = sourcecode.swift; path = AddAddressViewController.swift; sourceTree = "<group>"; };
		0479271F2A2B7FB60097907D /* SettingsViewController.swift */ = {isa = PBXFileReference; lastKnownFileType = sourcecode.swift; path = SettingsViewController.swift; sourceTree = "<group>"; };
		047AC20E2A34A01200438F8C /* CurrencyViewModel.swift */ = {isa = PBXFileReference; lastKnownFileType = sourcecode.swift; path = CurrencyViewModel.swift; sourceTree = "<group>"; };
		0481448C2A33220D00F495E9 /* Currency.swift */ = {isa = PBXFileReference; lastKnownFileType = sourcecode.swift; path = Currency.swift; sourceTree = "<group>"; };
		048344C72A2CB6D400D1B793 /* AddressViewController.swift */ = {isa = PBXFileReference; lastKnownFileType = sourcecode.swift; path = AddressViewController.swift; sourceTree = "<group>"; };
		048344C92A2CC6E300D1B793 /* CurrencyViewController.swift */ = {isa = PBXFileReference; lastKnownFileType = sourcecode.swift; path = CurrencyViewController.swift; sourceTree = "<group>"; };
		048344CB2A2CC70600D1B793 /* ConnectToUsViewController.swift */ = {isa = PBXFileReference; lastKnownFileType = sourcecode.swift; path = ConnectToUsViewController.swift; sourceTree = "<group>"; };
		048344CD2A2CD2C800D1B793 /* AddressTableViewCell.swift */ = {isa = PBXFileReference; lastKnownFileType = sourcecode.swift; path = AddressTableViewCell.swift; sourceTree = "<group>"; };
		048827962A2D0D85009DFD9B /* FavoritesStoryBoard.storyboard */ = {isa = PBXFileReference; lastKnownFileType = file.storyboard; path = FavoritesStoryBoard.storyboard; sourceTree = "<group>"; };
		048C56562A3239EA0016AE06 /* DatabaseManager.swift */ = {isa = PBXFileReference; lastKnownFileType = sourcecode.swift; path = DatabaseManager.swift; sourceTree = "<group>"; };
		048C56582A323A100016AE06 /* LocalProduct.swift */ = {isa = PBXFileReference; lastKnownFileType = sourcecode.swift; name = LocalProduct.swift; path = "InDoor-User/Model/LocalProduct.swift"; sourceTree = SOURCE_ROOT; };
		048C565A2A3241CA0016AE06 /* FavoritesViewModel.swift */ = {isa = PBXFileReference; lastKnownFileType = sourcecode.swift; path = FavoritesViewModel.swift; sourceTree = "<group>"; };
		04935FB22A2D25C90093A73E /* AboutInDoorViewController.swift */ = {isa = PBXFileReference; lastKnownFileType = sourcecode.swift; path = AboutInDoorViewController.swift; sourceTree = "<group>"; };
		049D4B6D2A34971300A9386F /* DatabaseService.swift */ = {isa = PBXFileReference; lastKnownFileType = sourcecode.swift; path = DatabaseService.swift; sourceTree = "<group>"; };
		04A1567D2A2D178000189909 /* FavoritesCell.swift */ = {isa = PBXFileReference; lastKnownFileType = sourcecode.swift; path = FavoritesCell.swift; sourceTree = "<group>"; };
		04A1567E2A2D178000189909 /* FavoritesCell.xib */ = {isa = PBXFileReference; lastKnownFileType = file.xib; path = FavoritesCell.xib; sourceTree = "<group>"; };
		04A156812A2D225E00189909 /* FavoritesViewController.swift */ = {isa = PBXFileReference; lastKnownFileType = sourcecode.swift; path = FavoritesViewController.swift; sourceTree = "<group>"; };
		04E46E662A30D931002DB72B /* CurrencyTableViewCell.swift */ = {isa = PBXFileReference; lastKnownFileType = sourcecode.swift; path = CurrencyTableViewCell.swift; sourceTree = "<group>"; };
		04E4F6FC2A2A639100566559 /* Settings.storyboard */ = {isa = PBXFileReference; lastKnownFileType = file.storyboard; path = Settings.storyboard; sourceTree = "<group>"; };
		17FF673E10ADD60325A23E8F /* Pods-InDoor-UserTests.release.xcconfig */ = {isa = PBXFileReference; includeInIndex = 1; lastKnownFileType = text.xcconfig; name = "Pods-InDoor-UserTests.release.xcconfig"; path = "Target Support Files/Pods-InDoor-UserTests/Pods-InDoor-UserTests.release.xcconfig"; sourceTree = "<group>"; };
		1BE9DD7E0D2E0FD0EE4A7294 /* Pods-InDoor-User-InDoor-UserUITests.release.xcconfig */ = {isa = PBXFileReference; includeInIndex = 1; lastKnownFileType = text.xcconfig; name = "Pods-InDoor-User-InDoor-UserUITests.release.xcconfig"; path = "Target Support Files/Pods-InDoor-User-InDoor-UserUITests/Pods-InDoor-User-InDoor-UserUITests.release.xcconfig"; sourceTree = "<group>"; };
		6106CDD32A33339100627234 /* CategoryViewController.swift */ = {isa = PBXFileReference; lastKnownFileType = sourcecode.swift; path = CategoryViewController.swift; sourceTree = "<group>"; };
		6106CDD52A33650200627234 /* CategoryViewModel.swift */ = {isa = PBXFileReference; lastKnownFileType = sourcecode.swift; path = CategoryViewModel.swift; sourceTree = "<group>"; };
		6106CDD72A3365FB00627234 /* CustomCollections.swift */ = {isa = PBXFileReference; lastKnownFileType = sourcecode.swift; path = CustomCollections.swift; sourceTree = "<group>"; };
		614798B82A2B755B009CCD30 /* Home.storyboard */ = {isa = PBXFileReference; lastKnownFileType = file.storyboard; path = Home.storyboard; sourceTree = "<group>"; };
		6168AA272A2BDD8C00A8E33C /* NetworkProtocol.swift */ = {isa = PBXFileReference; lastKnownFileType = sourcecode.swift; name = NetworkProtocol.swift; path = "InDoor-User/Service/RemoteSource/NetworkProtocol.swift"; sourceTree = SOURCE_ROOT; };
		6168AA292A2BDDF400A8E33C /* Network.swift */ = {isa = PBXFileReference; lastKnownFileType = sourcecode.swift; name = Network.swift; path = "InDoor-User/Service/RemoteSource/Network.swift"; sourceTree = SOURCE_ROOT; };
		6168AA2D2A2BE05B00A8E33C /* Product.swift */ = {isa = PBXFileReference; lastKnownFileType = sourcecode.swift; name = Product.swift; path = "InDoor-User/Model/Product.swift"; sourceTree = SOURCE_ROOT; };
		6168AA2F2A2BE07A00A8E33C /* Variants.swift */ = {isa = PBXFileReference; lastKnownFileType = sourcecode.swift; name = Variants.swift; path = "InDoor-User/Model/Variants.swift"; sourceTree = SOURCE_ROOT; };
		6168AA312A2BE0A700A8E33C /* Options.swift */ = {isa = PBXFileReference; lastKnownFileType = sourcecode.swift; name = Options.swift; path = "InDoor-User/Model/Options.swift"; sourceTree = SOURCE_ROOT; };
		6168AA352A2BE0D400A8E33C /* Image.swift */ = {isa = PBXFileReference; lastKnownFileType = sourcecode.swift; name = Image.swift; path = "InDoor-User/Model/Image.swift"; sourceTree = SOURCE_ROOT; };
		6168AA382A2BE36B00A8E33C /* HomeViewModel.swift */ = {isa = PBXFileReference; lastKnownFileType = sourcecode.swift; path = HomeViewModel.swift; sourceTree = "<group>"; };
		6168AA3C2A2BE4EA00A8E33C /* SmartCollections.swift */ = {isa = PBXFileReference; lastKnownFileType = sourcecode.swift; name = SmartCollections.swift; path = "InDoor-User/Model/SmartCollections.swift"; sourceTree = SOURCE_ROOT; };
		6168AA3E2A2BE50300A8E33C /* Rules.swift */ = {isa = PBXFileReference; lastKnownFileType = sourcecode.swift; name = Rules.swift; path = "InDoor-User/Model/Rules.swift"; sourceTree = SOURCE_ROOT; };
		6168AA402A2BE87B00A8E33C /* Response.swift */ = {isa = PBXFileReference; lastKnownFileType = sourcecode.swift; name = Response.swift; path = "InDoor-User/Model/Response.swift"; sourceTree = SOURCE_ROOT; };
		61A19C962A322A8D0067D2F2 /* Constants.swift */ = {isa = PBXFileReference; lastKnownFileType = sourcecode.swift; path = Constants.swift; sourceTree = "<group>"; };
		61A19C9A2A327D890067D2F2 /* Splitter.swift */ = {isa = PBXFileReference; lastKnownFileType = sourcecode.swift; path = Splitter.swift; sourceTree = "<group>"; };
		61B8845C2A34CFFC0085E614 /* ProfileViewController.swift */ = {isa = PBXFileReference; lastKnownFileType = sourcecode.swift; path = ProfileViewController.swift; sourceTree = "<group>"; };
		61DDC23B2A30D0620093A1DE /* BrandViewController.swift */ = {isa = PBXFileReference; lastKnownFileType = sourcecode.swift; path = BrandViewController.swift; sourceTree = "<group>"; };
		61DDC23F2A30D0C20093A1DE /* BrandViewModel.swift */ = {isa = PBXFileReference; lastKnownFileType = sourcecode.swift; path = BrandViewModel.swift; sourceTree = "<group>"; };
		61DDC2412A30E2460093A1DE /* BrandProductCollectionViewCell.swift */ = {isa = PBXFileReference; lastKnownFileType = sourcecode.swift; path = BrandProductCollectionViewCell.swift; sourceTree = "<group>"; };
		61DDC2422A30E2460093A1DE /* BrandProductCollectionViewCell.xib */ = {isa = PBXFileReference; lastKnownFileType = file.xib; path = BrandProductCollectionViewCell.xib; sourceTree = "<group>"; };
		61E516002A2922EA004DAA1D /* InDoor-User.app */ = {isa = PBXFileReference; explicitFileType = wrapper.application; includeInIndex = 0; path = "InDoor-User.app"; sourceTree = BUILT_PRODUCTS_DIR; };
		61E516032A2922EA004DAA1D /* AppDelegate.swift */ = {isa = PBXFileReference; lastKnownFileType = sourcecode.swift; path = AppDelegate.swift; sourceTree = "<group>"; };
		61E516052A2922EA004DAA1D /* SceneDelegate.swift */ = {isa = PBXFileReference; lastKnownFileType = sourcecode.swift; path = SceneDelegate.swift; sourceTree = "<group>"; };
		61E516072A2922EA004DAA1D /* ViewController.swift */ = {isa = PBXFileReference; lastKnownFileType = sourcecode.swift; path = ViewController.swift; sourceTree = "<group>"; };
		61E5160A2A2922EA004DAA1D /* Base */ = {isa = PBXFileReference; lastKnownFileType = file.storyboard; name = Base; path = Base.lproj/Main.storyboard; sourceTree = "<group>"; };
		61E5160D2A2922EA004DAA1D /* InDoor_User.xcdatamodel */ = {isa = PBXFileReference; lastKnownFileType = wrapper.xcdatamodel; path = InDoor_User.xcdatamodel; sourceTree = "<group>"; };
		61E5160F2A2922EB004DAA1D /* Assets.xcassets */ = {isa = PBXFileReference; lastKnownFileType = folder.assetcatalog; path = Assets.xcassets; sourceTree = "<group>"; };
		61E516122A2922EB004DAA1D /* Base */ = {isa = PBXFileReference; lastKnownFileType = file.storyboard; name = Base; path = Base.lproj/LaunchScreen.storyboard; sourceTree = "<group>"; };
		61E516142A2922EB004DAA1D /* Info.plist */ = {isa = PBXFileReference; lastKnownFileType = text.plist.xml; path = Info.plist; sourceTree = "<group>"; };
		61E516192A2922EC004DAA1D /* InDoor-UserTests.xctest */ = {isa = PBXFileReference; explicitFileType = wrapper.cfbundle; includeInIndex = 0; path = "InDoor-UserTests.xctest"; sourceTree = BUILT_PRODUCTS_DIR; };
		61E5161D2A2922EC004DAA1D /* InDoor_UserTests.swift */ = {isa = PBXFileReference; lastKnownFileType = sourcecode.swift; path = InDoor_UserTests.swift; sourceTree = "<group>"; };
		61E516232A2922EC004DAA1D /* InDoor-UserUITests.xctest */ = {isa = PBXFileReference; explicitFileType = wrapper.cfbundle; includeInIndex = 0; path = "InDoor-UserUITests.xctest"; sourceTree = BUILT_PRODUCTS_DIR; };
		61E516272A2922EC004DAA1D /* InDoor_UserUITests.swift */ = {isa = PBXFileReference; lastKnownFileType = sourcecode.swift; path = InDoor_UserUITests.swift; sourceTree = "<group>"; };
		61E516292A2922EC004DAA1D /* InDoor_UserUITestsLaunchTests.swift */ = {isa = PBXFileReference; lastKnownFileType = sourcecode.swift; path = InDoor_UserUITestsLaunchTests.swift; sourceTree = "<group>"; };
		61E5163C2A2923FF004DAA1D /* Alerts.swift */ = {isa = PBXFileReference; lastKnownFileType = sourcecode.swift; path = Alerts.swift; sourceTree = "<group>"; };
		61FD1DD32A2B9755008B938D /* HomeViewController.swift */ = {isa = PBXFileReference; lastKnownFileType = sourcecode.swift; path = HomeViewController.swift; sourceTree = "<group>"; };
		61FD1DD72A2BA98A008B938D /* MainTabBarController.swift */ = {isa = PBXFileReference; lastKnownFileType = sourcecode.swift; path = MainTabBarController.swift; sourceTree = "<group>"; };
		61FD1DDD2A2BCA29008B938D /* BrandCollectionViewCell.swift */ = {isa = PBXFileReference; lastKnownFileType = sourcecode.swift; path = BrandCollectionViewCell.swift; sourceTree = "<group>"; };
		65953E881A48EFEF3F9846B5 /* Pods-InDoor-User-InDoor-UserUITests.debug.xcconfig */ = {isa = PBXFileReference; includeInIndex = 1; lastKnownFileType = text.xcconfig; name = "Pods-InDoor-User-InDoor-UserUITests.debug.xcconfig"; path = "Target Support Files/Pods-InDoor-User-InDoor-UserUITests/Pods-InDoor-User-InDoor-UserUITests.debug.xcconfig"; sourceTree = "<group>"; };
		7AA1447C2C4FA3E4CC670BE8 /* Pods_InDoor_User.framework */ = {isa = PBXFileReference; explicitFileType = wrapper.framework; includeInIndex = 0; path = Pods_InDoor_User.framework; sourceTree = BUILT_PRODUCTS_DIR; };
		940000ACFC4575F88A20FB5D /* Pods_InDoor_User_InDoor_UserUITests.framework */ = {isa = PBXFileReference; explicitFileType = wrapper.framework; includeInIndex = 0; path = Pods_InDoor_User_InDoor_UserUITests.framework; sourceTree = BUILT_PRODUCTS_DIR; };
		C5AE5D39916EDD5FAD54F078 /* Pods-InDoor-User.release.xcconfig */ = {isa = PBXFileReference; includeInIndex = 1; lastKnownFileType = text.xcconfig; name = "Pods-InDoor-User.release.xcconfig"; path = "Target Support Files/Pods-InDoor-User/Pods-InDoor-User.release.xcconfig"; sourceTree = "<group>"; };
		C8F874C76010B8A0A1478160 /* Pods-InDoor-UserTests.debug.xcconfig */ = {isa = PBXFileReference; includeInIndex = 1; lastKnownFileType = text.xcconfig; name = "Pods-InDoor-UserTests.debug.xcconfig"; path = "Target Support Files/Pods-InDoor-UserTests/Pods-InDoor-UserTests.debug.xcconfig"; sourceTree = "<group>"; };
		D0C6DB28A14E65054943143A /* Pods_InDoor_UserTests.framework */ = {isa = PBXFileReference; explicitFileType = wrapper.framework; includeInIndex = 0; path = Pods_InDoor_UserTests.framework; sourceTree = BUILT_PRODUCTS_DIR; };
		DDFD36C4F2820D7268665050 /* Pods-InDoor-User.debug.xcconfig */ = {isa = PBXFileReference; includeInIndex = 1; lastKnownFileType = text.xcconfig; name = "Pods-InDoor-User.debug.xcconfig"; path = "Target Support Files/Pods-InDoor-User/Pods-InDoor-User.debug.xcconfig"; sourceTree = "<group>"; };
/* End PBXFileReference section */

/* Begin PBXFrameworksBuildPhase section */
		61E515FD2A2922EA004DAA1D /* Frameworks */ = {
			isa = PBXFrameworksBuildPhase;
			buildActionMask = 2147483647;
			files = (
				9D1FD3989110A749C97AEEB6 /* Pods_InDoor_User.framework in Frameworks */,
			);
			runOnlyForDeploymentPostprocessing = 0;
		};
		61E516162A2922EC004DAA1D /* Frameworks */ = {
			isa = PBXFrameworksBuildPhase;
			buildActionMask = 2147483647;
			files = (
				F5F61E117AAF616C3BD5CFFC /* Pods_InDoor_UserTests.framework in Frameworks */,
			);
			runOnlyForDeploymentPostprocessing = 0;
		};
		61E516202A2922EC004DAA1D /* Frameworks */ = {
			isa = PBXFrameworksBuildPhase;
			buildActionMask = 2147483647;
			files = (
				920271F084C4E95FCF45CD93 /* Pods_InDoor_User_InDoor_UserUITests.framework in Frameworks */,
			);
			runOnlyForDeploymentPostprocessing = 0;
		};
/* End PBXFrameworksBuildPhase section */

/* Begin PBXGroup section */
		044EB3152A3323E9002A74F3 /* RemoteSource */ = {
			isa = PBXGroup;
			children = (
				6168AA292A2BDDF400A8E33C /* Network.swift */,
				6168AA272A2BDD8C00A8E33C /* NetworkProtocol.swift */,
			);
			path = RemoteSource;
			sourceTree = "<group>";
		};
		044EB3162A332824002A74F3 /* ViewModel */ = {
			isa = PBXGroup;
			children = (
				044EB3172A332845002A74F3 /* SettingsViewModel.swift */,
				047AC20E2A34A01200438F8C /* CurrencyViewModel.swift */,
			);
			path = ViewModel;
			sourceTree = "<group>";
		};
		044EB33D2A336CB1002A74F3 /* ShoppingCart */ = {
			isa = PBXGroup;
			children = (
				044EB3402A337877002A74F3 /* View */,
			);
			path = ShoppingCart;
			sourceTree = "<group>";
		};
		044EB3402A337877002A74F3 /* View */ = {
			isa = PBXGroup;
			children = (
				044EB33E2A33786C002A74F3 /* Cart.storyboard */,
				044EB3412A3378B3002A74F3 /* ShoppingCartViewController.swift */,
				044EB3432A338C83002A74F3 /* ShoppingCartTableViewCell.swift */,
				044EB3442A338C83002A74F3 /* ShoppingCartTableViewCell.xib */,
			);
			path = View;
			sourceTree = "<group>";
		};
		048827912A2D0CCF009DFD9B /* Favorites */ = {
			isa = PBXGroup;
			children = (
				048827932A2D0D31009DFD9B /* ViewModel */,
				048827922A2D0D26009DFD9B /* View */,
			);
			name = Favorites;
			path = ../Favorites;
			sourceTree = "<group>";
		};
		048827922A2D0D26009DFD9B /* View */ = {
			isa = PBXGroup;
			children = (
				048827962A2D0D85009DFD9B /* FavoritesStoryBoard.storyboard */,
				04A1567D2A2D178000189909 /* FavoritesCell.swift */,
				04A1567E2A2D178000189909 /* FavoritesCell.xib */,
				04A156812A2D225E00189909 /* FavoritesViewController.swift */,
			);
			path = View;
			sourceTree = "<group>";
		};
		048827932A2D0D31009DFD9B /* ViewModel */ = {
			isa = PBXGroup;
			children = (
				048C565A2A3241CA0016AE06 /* FavoritesViewModel.swift */,
			);
			path = ViewModel;
			sourceTree = "<group>";
		};
		04E4F6F92A2A631900566559 /* Settings */ = {
			isa = PBXGroup;
			children = (
				044EB3162A332824002A74F3 /* ViewModel */,
				04E4F6FA2A2A632000566559 /* View */,
			);
			path = Settings;
			sourceTree = "<group>";
		};
		04E4F6FA2A2A632000566559 /* View */ = {
			isa = PBXGroup;
			children = (
				04E4F6FC2A2A639100566559 /* Settings.storyboard */,
				048344CB2A2CC70600D1B793 /* ConnectToUsViewController.swift */,
				0479271F2A2B7FB60097907D /* SettingsViewController.swift */,
				048344C72A2CB6D400D1B793 /* AddressViewController.swift */,
				048344C92A2CC6E300D1B793 /* CurrencyViewController.swift */,
				048344CD2A2CD2C800D1B793 /* AddressTableViewCell.swift */,
				0455EA762A2CE9E30019C03C /* AddAddressViewController.swift */,
				04935FB22A2D25C90093A73E /* AboutInDoorViewController.swift */,
				04E46E662A30D931002DB72B /* CurrencyTableViewCell.swift */,
			);
			path = View;
			sourceTree = "<group>";
		};
		6106CDD02A33300C00627234 /* Category */ = {
			isa = PBXGroup;
			children = (
				6106CDD22A33301C00627234 /* View */,
				6106CDD12A33301600627234 /* ViewModel */,
			);
			path = Category;
			sourceTree = "<group>";
		};
		6106CDD12A33301600627234 /* ViewModel */ = {
			isa = PBXGroup;
			children = (
				6106CDD52A33650200627234 /* CategoryViewModel.swift */,
			);
			path = ViewModel;
			sourceTree = "<group>";
		};
		6106CDD22A33301C00627234 /* View */ = {
			isa = PBXGroup;
			children = (
				6106CDD32A33339100627234 /* CategoryViewController.swift */,
			);
			path = View;
			sourceTree = "<group>";
		};
		614798BA2A2B770D009CCD30 /* Home */ = {
			isa = PBXGroup;
			children = (
				6168AA372A2BE32F00A8E33C /* ViewModel */,
				614798BB2A2B772D009CCD30 /* View */,
			);
			path = Home;
			sourceTree = "<group>";
		};
		614798BB2A2B772D009CCD30 /* View */ = {
			isa = PBXGroup;
			children = (
				614798B82A2B755B009CCD30 /* Home.storyboard */,
				61FD1DD32A2B9755008B938D /* HomeViewController.swift */,
				61FD1DD72A2BA98A008B938D /* MainTabBarController.swift */,
				61FD1DDD2A2BCA29008B938D /* BrandCollectionViewCell.swift */,
			);
			path = View;
			sourceTree = "<group>";
		};
		6168AA372A2BE32F00A8E33C /* ViewModel */ = {
			isa = PBXGroup;
			children = (
				6168AA382A2BE36B00A8E33C /* HomeViewModel.swift */,
			);
			path = ViewModel;
			sourceTree = "<group>";
		};
		61A19C992A327D4F0067D2F2 /* Utils */ = {
			isa = PBXGroup;
			children = (
				61A19C962A322A8D0067D2F2 /* Constants.swift */,
				61A19C9A2A327D890067D2F2 /* Splitter.swift */,
			);
			path = Utils;
			sourceTree = "<group>";
		};
		61B884592A34CFC00085E614 /* Profile */ = {
			isa = PBXGroup;
			children = (
				61B8845B2A34CFCF0085E614 /* ViewModel */,
				61B8845A2A34CFC90085E614 /* View */,
			);
			path = Profile;
			sourceTree = "<group>";
		};
		61B8845A2A34CFC90085E614 /* View */ = {
			isa = PBXGroup;
			children = (
				61B8845C2A34CFFC0085E614 /* ProfileViewController.swift */,
			);
			path = View;
			sourceTree = "<group>";
		};
		61B8845B2A34CFCF0085E614 /* ViewModel */ = {
			isa = PBXGroup;
			children = (
			);
			path = ViewModel;
			sourceTree = "<group>";
		};
		61DDC2382A30D01C0093A1DE /* BrandProducts */ = {
			isa = PBXGroup;
			children = (
				61DDC23A2A30D0340093A1DE /* View */,
				61DDC2392A30D02D0093A1DE /* ViewModel */,
			);
			path = BrandProducts;
			sourceTree = "<group>";
		};
		61DDC2392A30D02D0093A1DE /* ViewModel */ = {
			isa = PBXGroup;
			children = (
				61DDC23F2A30D0C20093A1DE /* BrandViewModel.swift */,
			);
			path = ViewModel;
			sourceTree = "<group>";
		};
		61DDC23A2A30D0340093A1DE /* View */ = {
			isa = PBXGroup;
			children = (
				61DDC23B2A30D0620093A1DE /* BrandViewController.swift */,
				61DDC2412A30E2460093A1DE /* BrandProductCollectionViewCell.swift */,
				61DDC2422A30E2460093A1DE /* BrandProductCollectionViewCell.xib */,
			);
			path = View;
			sourceTree = "<group>";
		};
		61E515F72A2922EA004DAA1D = {
			isa = PBXGroup;
			children = (
				61E516022A2922EA004DAA1D /* InDoor-User */,
				61E5161C2A2922EC004DAA1D /* InDoor-UserTests */,
				61E516262A2922EC004DAA1D /* InDoor-UserUITests */,
				61E516012A2922EA004DAA1D /* Products */,
				E199319B1F433EDE93381511 /* Pods */,
				9866DB9C2B70C727D19A3E45 /* Frameworks */,
			);
			sourceTree = "<group>";
		};
		61E516012A2922EA004DAA1D /* Products */ = {
			isa = PBXGroup;
			children = (
				61E516002A2922EA004DAA1D /* InDoor-User.app */,
				61E516192A2922EC004DAA1D /* InDoor-UserTests.xctest */,
				61E516232A2922EC004DAA1D /* InDoor-UserUITests.xctest */,
			);
			name = Products;
			sourceTree = "<group>";
		};
		61E516022A2922EA004DAA1D /* InDoor-User */ = {
			isa = PBXGroup;
			children = (
				61A19C992A327D4F0067D2F2 /* Utils */,
				61E5163E2A292404004DAA1D /* Service */,
				61E5163B2A2923F3004DAA1D /* View */,
				61E516372A2923DA004DAA1D /* Module */,
				61E516362A2923D5004DAA1D /* Model */,
				61E516032A2922EA004DAA1D /* AppDelegate.swift */,
				61E516052A2922EA004DAA1D /* SceneDelegate.swift */,
				61E516072A2922EA004DAA1D /* ViewController.swift */,
				61E5160F2A2922EB004DAA1D /* Assets.xcassets */,
				61E516112A2922EB004DAA1D /* LaunchScreen.storyboard */,
				61E516142A2922EB004DAA1D /* Info.plist */,
				61E5160C2A2922EA004DAA1D /* InDoor_User.xcdatamodeld */,
			);
			path = "InDoor-User";
			sourceTree = "<group>";
		};
		61E5161C2A2922EC004DAA1D /* InDoor-UserTests */ = {
			isa = PBXGroup;
			children = (
				61E5161D2A2922EC004DAA1D /* InDoor_UserTests.swift */,
			);
			path = "InDoor-UserTests";
			sourceTree = "<group>";
		};
		61E516262A2922EC004DAA1D /* InDoor-UserUITests */ = {
			isa = PBXGroup;
			children = (
				61E516272A2922EC004DAA1D /* InDoor_UserUITests.swift */,
				61E516292A2922EC004DAA1D /* InDoor_UserUITestsLaunchTests.swift */,
			);
			path = "InDoor-UserUITests";
			sourceTree = "<group>";
		};
		61E516362A2923D5004DAA1D /* Model */ = {
			isa = PBXGroup;
			children = (
				6168AA312A2BE0A700A8E33C /* Options.swift */,
				0481448C2A33220D00F495E9 /* Currency.swift */,
				044EB33B2A333958002A74F3 /* Rates.swift */,
				048C56582A323A100016AE06 /* LocalProduct.swift */,
				6168AA3E2A2BE50300A8E33C /* Rules.swift */,
				6168AA402A2BE87B00A8E33C /* Response.swift */,
				6168AA352A2BE0D400A8E33C /* Image.swift */,
				6168AA3C2A2BE4EA00A8E33C /* SmartCollections.swift */,
				6168AA2F2A2BE07A00A8E33C /* Variants.swift */,
				6168AA2D2A2BE05B00A8E33C /* Product.swift */,
				6106CDD72A3365FB00627234 /* CustomCollections.swift */,
			);
			path = Model;
			sourceTree = "<group>";
		};
		61E516372A2923DA004DAA1D /* Module */ = {
			isa = PBXGroup;
			children = (
				61B884592A34CFC00085E614 /* Profile */,
				044EB33D2A336CB1002A74F3 /* ShoppingCart */,
				6106CDD02A33300C00627234 /* Category */,
				048827912A2D0CCF009DFD9B /* Favorites */,
				61DDC2382A30D01C0093A1DE /* BrandProducts */,
				614798BA2A2B770D009CCD30 /* Home */,
				04E4F6F92A2A631900566559 /* Settings */,
			);
			path = Module;
			sourceTree = "<group>";
		};
		61E5163B2A2923F3004DAA1D /* View */ = {
			isa = PBXGroup;
			children = (
				61E516092A2922EA004DAA1D /* Main.storyboard */,
				61E5163C2A2923FF004DAA1D /* Alerts.swift */,
			);
			path = View;
			sourceTree = "<group>";
		};
		61E5163E2A292404004DAA1D /* Service */ = {
			isa = PBXGroup;
			children = (
				044EB3152A3323E9002A74F3 /* RemoteSource */,
				61E516422A29241E004DAA1D /* LocalSource */,
			);
			path = Service;
			sourceTree = "<group>";
		};
		61E516422A29241E004DAA1D /* LocalSource */ = {
			isa = PBXGroup;
			children = (
				048C56562A3239EA0016AE06 /* DatabaseManager.swift */,
				049D4B6D2A34971300A9386F /* DatabaseService.swift */,
			);
			path = LocalSource;
			sourceTree = "<group>";
		};
		9866DB9C2B70C727D19A3E45 /* Frameworks */ = {
			isa = PBXGroup;
			children = (
				7AA1447C2C4FA3E4CC670BE8 /* Pods_InDoor_User.framework */,
				940000ACFC4575F88A20FB5D /* Pods_InDoor_User_InDoor_UserUITests.framework */,
				D0C6DB28A14E65054943143A /* Pods_InDoor_UserTests.framework */,
			);
			name = Frameworks;
			sourceTree = "<group>";
		};
		E199319B1F433EDE93381511 /* Pods */ = {
			isa = PBXGroup;
			children = (
				DDFD36C4F2820D7268665050 /* Pods-InDoor-User.debug.xcconfig */,
				C5AE5D39916EDD5FAD54F078 /* Pods-InDoor-User.release.xcconfig */,
				65953E881A48EFEF3F9846B5 /* Pods-InDoor-User-InDoor-UserUITests.debug.xcconfig */,
				1BE9DD7E0D2E0FD0EE4A7294 /* Pods-InDoor-User-InDoor-UserUITests.release.xcconfig */,
				C8F874C76010B8A0A1478160 /* Pods-InDoor-UserTests.debug.xcconfig */,
				17FF673E10ADD60325A23E8F /* Pods-InDoor-UserTests.release.xcconfig */,
			);
			path = Pods;
			sourceTree = "<group>";
		};
/* End PBXGroup section */

/* Begin PBXNativeTarget section */
		61E515FF2A2922EA004DAA1D /* InDoor-User */ = {
			isa = PBXNativeTarget;
			buildConfigurationList = 61E5162D2A2922EC004DAA1D /* Build configuration list for PBXNativeTarget "InDoor-User" */;
			buildPhases = (
				D6D6B8CD80FA3AB6FF98FB7A /* [CP] Check Pods Manifest.lock */,
				61E515FC2A2922EA004DAA1D /* Sources */,
				61E515FD2A2922EA004DAA1D /* Frameworks */,
				61E515FE2A2922EA004DAA1D /* Resources */,
				8C07DE248C4D92B85F89ADFB /* [CP] Embed Pods Frameworks */,
			);
			buildRules = (
			);
			dependencies = (
			);
			name = "InDoor-User";
			productName = "InDoor-User";
			productReference = 61E516002A2922EA004DAA1D /* InDoor-User.app */;
			productType = "com.apple.product-type.application";
		};
		61E516182A2922EC004DAA1D /* InDoor-UserTests */ = {
			isa = PBXNativeTarget;
			buildConfigurationList = 61E516302A2922EC004DAA1D /* Build configuration list for PBXNativeTarget "InDoor-UserTests" */;
			buildPhases = (
				C400C0D25ECFE885156A5E99 /* [CP] Check Pods Manifest.lock */,
				61E516152A2922EC004DAA1D /* Sources */,
				61E516162A2922EC004DAA1D /* Frameworks */,
				61E516172A2922EC004DAA1D /* Resources */,
			);
			buildRules = (
			);
			dependencies = (
				61E5161B2A2922EC004DAA1D /* PBXTargetDependency */,
			);
			name = "InDoor-UserTests";
			productName = "InDoor-UserTests";
			productReference = 61E516192A2922EC004DAA1D /* InDoor-UserTests.xctest */;
			productType = "com.apple.product-type.bundle.unit-test";
		};
		61E516222A2922EC004DAA1D /* InDoor-UserUITests */ = {
			isa = PBXNativeTarget;
			buildConfigurationList = 61E516332A2922EC004DAA1D /* Build configuration list for PBXNativeTarget "InDoor-UserUITests" */;
			buildPhases = (
				FB1B6E871538D6E967186BB4 /* [CP] Check Pods Manifest.lock */,
				61E5161F2A2922EC004DAA1D /* Sources */,
				61E516202A2922EC004DAA1D /* Frameworks */,
				61E516212A2922EC004DAA1D /* Resources */,
				4775C40D10E5E2C39D7C405B /* [CP] Embed Pods Frameworks */,
			);
			buildRules = (
			);
			dependencies = (
				61E516252A2922EC004DAA1D /* PBXTargetDependency */,
			);
			name = "InDoor-UserUITests";
			productName = "InDoor-UserUITests";
			productReference = 61E516232A2922EC004DAA1D /* InDoor-UserUITests.xctest */;
			productType = "com.apple.product-type.bundle.ui-testing";
		};
/* End PBXNativeTarget section */

/* Begin PBXProject section */
		61E515F82A2922EA004DAA1D /* Project object */ = {
			isa = PBXProject;
			attributes = {
				BuildIndependentTargetsInParallel = 1;
				LastSwiftUpdateCheck = 1410;
				LastUpgradeCheck = 1410;
				TargetAttributes = {
					61E515FF2A2922EA004DAA1D = {
						CreatedOnToolsVersion = 14.1;
					};
					61E516182A2922EC004DAA1D = {
						CreatedOnToolsVersion = 14.1;
						TestTargetID = 61E515FF2A2922EA004DAA1D;
					};
					61E516222A2922EC004DAA1D = {
						CreatedOnToolsVersion = 14.1;
						TestTargetID = 61E515FF2A2922EA004DAA1D;
					};
				};
			};
			buildConfigurationList = 61E515FB2A2922EA004DAA1D /* Build configuration list for PBXProject "InDoor-User" */;
			compatibilityVersion = "Xcode 14.0";
			developmentRegion = en;
			hasScannedForEncodings = 0;
			knownRegions = (
				en,
				Base,
			);
			mainGroup = 61E515F72A2922EA004DAA1D;
			productRefGroup = 61E516012A2922EA004DAA1D /* Products */;
			projectDirPath = "";
			projectRoot = "";
			targets = (
				61E515FF2A2922EA004DAA1D /* InDoor-User */,
				61E516182A2922EC004DAA1D /* InDoor-UserTests */,
				61E516222A2922EC004DAA1D /* InDoor-UserUITests */,
			);
		};
/* End PBXProject section */

/* Begin PBXResourcesBuildPhase section */
		61E515FE2A2922EA004DAA1D /* Resources */ = {
			isa = PBXResourcesBuildPhase;
			buildActionMask = 2147483647;
			files = (
				61E516132A2922EB004DAA1D /* LaunchScreen.storyboard in Resources */,
				61DDC2442A30E2460093A1DE /* BrandProductCollectionViewCell.xib in Resources */,
				61E5160B2A2922EA004DAA1D /* Main.storyboard in Resources */,
				614798B92A2B755B009CCD30 /* Home.storyboard in Resources */,
				044EB3462A338C83002A74F3 /* ShoppingCartTableViewCell.xib in Resources */,
				044EB33F2A33786C002A74F3 /* Cart.storyboard in Resources */,
				04E4F6FD2A2A639100566559 /* Settings.storyboard in Resources */,
				048827972A2D0D85009DFD9B /* FavoritesStoryBoard.storyboard in Resources */,
				61E516102A2922EB004DAA1D /* Assets.xcassets in Resources */,
				04A156802A2D178000189909 /* FavoritesCell.xib in Resources */,
			);
			runOnlyForDeploymentPostprocessing = 0;
		};
		61E516172A2922EC004DAA1D /* Resources */ = {
			isa = PBXResourcesBuildPhase;
			buildActionMask = 2147483647;
			files = (
			);
			runOnlyForDeploymentPostprocessing = 0;
		};
		61E516212A2922EC004DAA1D /* Resources */ = {
			isa = PBXResourcesBuildPhase;
			buildActionMask = 2147483647;
			files = (
			);
			runOnlyForDeploymentPostprocessing = 0;
		};
/* End PBXResourcesBuildPhase section */

/* Begin PBXShellScriptBuildPhase section */
		4775C40D10E5E2C39D7C405B /* [CP] Embed Pods Frameworks */ = {
			isa = PBXShellScriptBuildPhase;
			buildActionMask = 2147483647;
			files = (
			);
			inputFileListPaths = (
				"${PODS_ROOT}/Target Support Files/Pods-InDoor-User-InDoor-UserUITests/Pods-InDoor-User-InDoor-UserUITests-frameworks-${CONFIGURATION}-input-files.xcfilelist",
			);
			name = "[CP] Embed Pods Frameworks";
			outputFileListPaths = (
				"${PODS_ROOT}/Target Support Files/Pods-InDoor-User-InDoor-UserUITests/Pods-InDoor-User-InDoor-UserUITests-frameworks-${CONFIGURATION}-output-files.xcfilelist",
			);
			runOnlyForDeploymentPostprocessing = 0;
			shellPath = /bin/sh;
			shellScript = "\"${PODS_ROOT}/Target Support Files/Pods-InDoor-User-InDoor-UserUITests/Pods-InDoor-User-InDoor-UserUITests-frameworks.sh\"\n";
			showEnvVarsInLog = 0;
		};
		8C07DE248C4D92B85F89ADFB /* [CP] Embed Pods Frameworks */ = {
			isa = PBXShellScriptBuildPhase;
			buildActionMask = 2147483647;
			files = (
			);
			inputFileListPaths = (
				"${PODS_ROOT}/Target Support Files/Pods-InDoor-User/Pods-InDoor-User-frameworks-${CONFIGURATION}-input-files.xcfilelist",
			);
			name = "[CP] Embed Pods Frameworks";
			outputFileListPaths = (
				"${PODS_ROOT}/Target Support Files/Pods-InDoor-User/Pods-InDoor-User-frameworks-${CONFIGURATION}-output-files.xcfilelist",
			);
			runOnlyForDeploymentPostprocessing = 0;
			shellPath = /bin/sh;
			shellScript = "\"${PODS_ROOT}/Target Support Files/Pods-InDoor-User/Pods-InDoor-User-frameworks.sh\"\n";
			showEnvVarsInLog = 0;
		};
		C400C0D25ECFE885156A5E99 /* [CP] Check Pods Manifest.lock */ = {
			isa = PBXShellScriptBuildPhase;
			buildActionMask = 2147483647;
			files = (
			);
			inputFileListPaths = (
			);
			inputPaths = (
				"${PODS_PODFILE_DIR_PATH}/Podfile.lock",
				"${PODS_ROOT}/Manifest.lock",
			);
			name = "[CP] Check Pods Manifest.lock";
			outputFileListPaths = (
			);
			outputPaths = (
				"$(DERIVED_FILE_DIR)/Pods-InDoor-UserTests-checkManifestLockResult.txt",
			);
			runOnlyForDeploymentPostprocessing = 0;
			shellPath = /bin/sh;
			shellScript = "diff \"${PODS_PODFILE_DIR_PATH}/Podfile.lock\" \"${PODS_ROOT}/Manifest.lock\" > /dev/null\nif [ $? != 0 ] ; then\n    # print error to STDERR\n    echo \"error: The sandbox is not in sync with the Podfile.lock. Run 'pod install' or update your CocoaPods installation.\" >&2\n    exit 1\nfi\n# This output is used by Xcode 'outputs' to avoid re-running this script phase.\necho \"SUCCESS\" > \"${SCRIPT_OUTPUT_FILE_0}\"\n";
			showEnvVarsInLog = 0;
		};
		D6D6B8CD80FA3AB6FF98FB7A /* [CP] Check Pods Manifest.lock */ = {
			isa = PBXShellScriptBuildPhase;
			buildActionMask = 2147483647;
			files = (
			);
			inputFileListPaths = (
			);
			inputPaths = (
				"${PODS_PODFILE_DIR_PATH}/Podfile.lock",
				"${PODS_ROOT}/Manifest.lock",
			);
			name = "[CP] Check Pods Manifest.lock";
			outputFileListPaths = (
			);
			outputPaths = (
				"$(DERIVED_FILE_DIR)/Pods-InDoor-User-checkManifestLockResult.txt",
			);
			runOnlyForDeploymentPostprocessing = 0;
			shellPath = /bin/sh;
			shellScript = "diff \"${PODS_PODFILE_DIR_PATH}/Podfile.lock\" \"${PODS_ROOT}/Manifest.lock\" > /dev/null\nif [ $? != 0 ] ; then\n    # print error to STDERR\n    echo \"error: The sandbox is not in sync with the Podfile.lock. Run 'pod install' or update your CocoaPods installation.\" >&2\n    exit 1\nfi\n# This output is used by Xcode 'outputs' to avoid re-running this script phase.\necho \"SUCCESS\" > \"${SCRIPT_OUTPUT_FILE_0}\"\n";
			showEnvVarsInLog = 0;
		};
		FB1B6E871538D6E967186BB4 /* [CP] Check Pods Manifest.lock */ = {
			isa = PBXShellScriptBuildPhase;
			buildActionMask = 2147483647;
			files = (
			);
			inputFileListPaths = (
			);
			inputPaths = (
				"${PODS_PODFILE_DIR_PATH}/Podfile.lock",
				"${PODS_ROOT}/Manifest.lock",
			);
			name = "[CP] Check Pods Manifest.lock";
			outputFileListPaths = (
			);
			outputPaths = (
				"$(DERIVED_FILE_DIR)/Pods-InDoor-User-InDoor-UserUITests-checkManifestLockResult.txt",
			);
			runOnlyForDeploymentPostprocessing = 0;
			shellPath = /bin/sh;
			shellScript = "diff \"${PODS_PODFILE_DIR_PATH}/Podfile.lock\" \"${PODS_ROOT}/Manifest.lock\" > /dev/null\nif [ $? != 0 ] ; then\n    # print error to STDERR\n    echo \"error: The sandbox is not in sync with the Podfile.lock. Run 'pod install' or update your CocoaPods installation.\" >&2\n    exit 1\nfi\n# This output is used by Xcode 'outputs' to avoid re-running this script phase.\necho \"SUCCESS\" > \"${SCRIPT_OUTPUT_FILE_0}\"\n";
			showEnvVarsInLog = 0;
		};
/* End PBXShellScriptBuildPhase section */

/* Begin PBXSourcesBuildPhase section */
		61E515FC2A2922EA004DAA1D /* Sources */ = {
			isa = PBXSourcesBuildPhase;
			buildActionMask = 2147483647;
			files = (
				6168AA392A2BE36B00A8E33C /* HomeViewModel.swift in Sources */,
				6106CDD82A3365FB00627234 /* CustomCollections.swift in Sources */,
				61E516082A2922EA004DAA1D /* ViewController.swift in Sources */,
				6168AA362A2BE0D400A8E33C /* Image.swift in Sources */,
				0455EA772A2CE9E30019C03C /* AddAddressViewController.swift in Sources */,
				048344CC2A2CC70600D1B793 /* ConnectToUsViewController.swift in Sources */,
				048344CE2A2CD2C800D1B793 /* AddressTableViewCell.swift in Sources */,
				048344CA2A2CC6E300D1B793 /* CurrencyViewController.swift in Sources */,
				04E46E672A30D931002DB72B /* CurrencyTableViewCell.swift in Sources */,
				61E5163D2A2923FF004DAA1D /* Alerts.swift in Sources */,
				047AC20F2A34A01200438F8C /* CurrencyViewModel.swift in Sources */,
				6168AA2A2A2BDDF400A8E33C /* Network.swift in Sources */,
				044EB33C2A333958002A74F3 /* Rates.swift in Sources */,
				6168AA3D2A2BE4EA00A8E33C /* SmartCollections.swift in Sources */,
				0481448D2A33220F00F495E9 /* Currency.swift in Sources */,
				049D4B6E2A34971300A9386F /* DatabaseService.swift in Sources */,
				61E5163D2A2923FF004DAA1D /* Alerts.swift in Sources */,
				04A156822A2D225E00189909 /* FavoritesViewController.swift in Sources */,
				61DDC2402A30D0C20093A1DE /* BrandViewModel.swift in Sources */,
				6168AA2A2A2BDDF400A8E33C /* Network.swift in Sources */,
				61A19C972A322A8D0067D2F2 /* Constants.swift in Sources */,
				6168AA3D2A2BE4EA00A8E33C /* SmartCollections.swift in Sources */,
				61B8845D2A34CFFC0085E614 /* ProfileViewController.swift in Sources */,
				61FD1DD82A2BA98A008B938D /* MainTabBarController.swift in Sources */,
				044EB3452A338C83002A74F3 /* ShoppingCartTableViewCell.swift in Sources */,
				044EB3422A3378B3002A74F3 /* ShoppingCartViewController.swift in Sources */,
				6168AA322A2BE0A700A8E33C /* Options.swift in Sources */,
				61DDC2432A30E2460093A1DE /* BrandProductCollectionViewCell.swift in Sources */,
				61E5160E2A2922EA004DAA1D /* InDoor_User.xcdatamodeld in Sources */,
				04935FB32A2D25C90093A73E /* AboutInDoorViewController.swift in Sources */,
				61DDC23C2A30D0620093A1DE /* BrandViewController.swift in Sources */,
				61E516042A2922EA004DAA1D /* AppDelegate.swift in Sources */,
				6168AA302A2BE07A00A8E33C /* Variants.swift in Sources */,
				61FD1DDE2A2BCA29008B938D /* BrandCollectionViewCell.swift in Sources */,
				61E516062A2922EA004DAA1D /* SceneDelegate.swift in Sources */,
				6168AA282A2BDD8C00A8E33C /* NetworkProtocol.swift in Sources */,
				6168AA3F2A2BE50300A8E33C /* Rules.swift in Sources */,
				61A19C9B2A327D890067D2F2 /* Splitter.swift in Sources */,
				6168AA412A2BE87B00A8E33C /* Response.swift in Sources */,
				6106CDD62A33650200627234 /* CategoryViewModel.swift in Sources */,
				61FD1DD42A2B9755008B938D /* HomeViewController.swift in Sources */,
				6168AA2E2A2BE05B00A8E33C /* Product.swift in Sources */,
				048344C82A2CB6D400D1B793 /* AddressViewController.swift in Sources */,
				047927202A2B7FB60097907D /* SettingsViewController.swift in Sources */,
				044EB3182A332845002A74F3 /* SettingsViewModel.swift in Sources */,
				6106CDD42A33339100627234 /* CategoryViewController.swift in Sources */,
				04A1567F2A2D178000189909 /* FavoritesCell.swift in Sources */,
				048C56572A3239EA0016AE06 /* DatabaseManager.swift in Sources */,
				048C56592A323A100016AE06 /* LocalProduct.swift in Sources */,
				048C565B2A3241CA0016AE06 /* FavoritesViewModel.swift in Sources */,
			);
			runOnlyForDeploymentPostprocessing = 0;
		};
		61E516152A2922EC004DAA1D /* Sources */ = {
			isa = PBXSourcesBuildPhase;
			buildActionMask = 2147483647;
			files = (
				61E5161E2A2922EC004DAA1D /* InDoor_UserTests.swift in Sources */,
			);
			runOnlyForDeploymentPostprocessing = 0;
		};
		61E5161F2A2922EC004DAA1D /* Sources */ = {
			isa = PBXSourcesBuildPhase;
			buildActionMask = 2147483647;
			files = (
				61E5162A2A2922EC004DAA1D /* InDoor_UserUITestsLaunchTests.swift in Sources */,
				61E516282A2922EC004DAA1D /* InDoor_UserUITests.swift in Sources */,
			);
			runOnlyForDeploymentPostprocessing = 0;
		};
/* End PBXSourcesBuildPhase section */

/* Begin PBXTargetDependency section */
		61E5161B2A2922EC004DAA1D /* PBXTargetDependency */ = {
			isa = PBXTargetDependency;
			target = 61E515FF2A2922EA004DAA1D /* InDoor-User */;
			targetProxy = 61E5161A2A2922EC004DAA1D /* PBXContainerItemProxy */;
		};
		61E516252A2922EC004DAA1D /* PBXTargetDependency */ = {
			isa = PBXTargetDependency;
			target = 61E515FF2A2922EA004DAA1D /* InDoor-User */;
			targetProxy = 61E516242A2922EC004DAA1D /* PBXContainerItemProxy */;
		};
/* End PBXTargetDependency section */

/* Begin PBXVariantGroup section */
		61E516092A2922EA004DAA1D /* Main.storyboard */ = {
			isa = PBXVariantGroup;
			children = (
				61E5160A2A2922EA004DAA1D /* Base */,
			);
			name = Main.storyboard;
			sourceTree = "<group>";
		};
		61E516112A2922EB004DAA1D /* LaunchScreen.storyboard */ = {
			isa = PBXVariantGroup;
			children = (
				61E516122A2922EB004DAA1D /* Base */,
			);
			name = LaunchScreen.storyboard;
			sourceTree = "<group>";
		};
/* End PBXVariantGroup section */

/* Begin XCBuildConfiguration section */
		61E5162B2A2922EC004DAA1D /* Debug */ = {
			isa = XCBuildConfiguration;
			buildSettings = {
				ALWAYS_SEARCH_USER_PATHS = NO;
				CLANG_ANALYZER_NONNULL = YES;
				CLANG_ANALYZER_NUMBER_OBJECT_CONVERSION = YES_AGGRESSIVE;
				CLANG_CXX_LANGUAGE_STANDARD = "gnu++20";
				CLANG_ENABLE_MODULES = YES;
				CLANG_ENABLE_OBJC_ARC = YES;
				CLANG_ENABLE_OBJC_WEAK = YES;
				CLANG_WARN_BLOCK_CAPTURE_AUTORELEASING = YES;
				CLANG_WARN_BOOL_CONVERSION = YES;
				CLANG_WARN_COMMA = YES;
				CLANG_WARN_CONSTANT_CONVERSION = YES;
				CLANG_WARN_DEPRECATED_OBJC_IMPLEMENTATIONS = YES;
				CLANG_WARN_DIRECT_OBJC_ISA_USAGE = YES_ERROR;
				CLANG_WARN_DOCUMENTATION_COMMENTS = YES;
				CLANG_WARN_EMPTY_BODY = YES;
				CLANG_WARN_ENUM_CONVERSION = YES;
				CLANG_WARN_INFINITE_RECURSION = YES;
				CLANG_WARN_INT_CONVERSION = YES;
				CLANG_WARN_NON_LITERAL_NULL_CONVERSION = YES;
				CLANG_WARN_OBJC_IMPLICIT_RETAIN_SELF = YES;
				CLANG_WARN_OBJC_LITERAL_CONVERSION = YES;
				CLANG_WARN_OBJC_ROOT_CLASS = YES_ERROR;
				CLANG_WARN_QUOTED_INCLUDE_IN_FRAMEWORK_HEADER = YES;
				CLANG_WARN_RANGE_LOOP_ANALYSIS = YES;
				CLANG_WARN_STRICT_PROTOTYPES = YES;
				CLANG_WARN_SUSPICIOUS_MOVE = YES;
				CLANG_WARN_UNGUARDED_AVAILABILITY = YES_AGGRESSIVE;
				CLANG_WARN_UNREACHABLE_CODE = YES;
				CLANG_WARN__DUPLICATE_METHOD_MATCH = YES;
				COPY_PHASE_STRIP = NO;
				DEBUG_INFORMATION_FORMAT = dwarf;
				ENABLE_STRICT_OBJC_MSGSEND = YES;
				ENABLE_TESTABILITY = YES;
				GCC_C_LANGUAGE_STANDARD = gnu11;
				GCC_DYNAMIC_NO_PIC = NO;
				GCC_NO_COMMON_BLOCKS = YES;
				GCC_OPTIMIZATION_LEVEL = 0;
				GCC_PREPROCESSOR_DEFINITIONS = (
					"DEBUG=1",
					"$(inherited)",
				);
				GCC_WARN_64_TO_32_BIT_CONVERSION = YES;
				GCC_WARN_ABOUT_RETURN_TYPE = YES_ERROR;
				GCC_WARN_UNDECLARED_SELECTOR = YES;
				GCC_WARN_UNINITIALIZED_AUTOS = YES_AGGRESSIVE;
				GCC_WARN_UNUSED_FUNCTION = YES;
				GCC_WARN_UNUSED_VARIABLE = YES;
				IPHONEOS_DEPLOYMENT_TARGET = 16.1;
				MTL_ENABLE_DEBUG_INFO = INCLUDE_SOURCE;
				MTL_FAST_MATH = YES;
				ONLY_ACTIVE_ARCH = YES;
				SDKROOT = iphoneos;
				SWIFT_ACTIVE_COMPILATION_CONDITIONS = DEBUG;
				SWIFT_OPTIMIZATION_LEVEL = "-Onone";
			};
			name = Debug;
		};
		61E5162C2A2922EC004DAA1D /* Release */ = {
			isa = XCBuildConfiguration;
			buildSettings = {
				ALWAYS_SEARCH_USER_PATHS = NO;
				CLANG_ANALYZER_NONNULL = YES;
				CLANG_ANALYZER_NUMBER_OBJECT_CONVERSION = YES_AGGRESSIVE;
				CLANG_CXX_LANGUAGE_STANDARD = "gnu++20";
				CLANG_ENABLE_MODULES = YES;
				CLANG_ENABLE_OBJC_ARC = YES;
				CLANG_ENABLE_OBJC_WEAK = YES;
				CLANG_WARN_BLOCK_CAPTURE_AUTORELEASING = YES;
				CLANG_WARN_BOOL_CONVERSION = YES;
				CLANG_WARN_COMMA = YES;
				CLANG_WARN_CONSTANT_CONVERSION = YES;
				CLANG_WARN_DEPRECATED_OBJC_IMPLEMENTATIONS = YES;
				CLANG_WARN_DIRECT_OBJC_ISA_USAGE = YES_ERROR;
				CLANG_WARN_DOCUMENTATION_COMMENTS = YES;
				CLANG_WARN_EMPTY_BODY = YES;
				CLANG_WARN_ENUM_CONVERSION = YES;
				CLANG_WARN_INFINITE_RECURSION = YES;
				CLANG_WARN_INT_CONVERSION = YES;
				CLANG_WARN_NON_LITERAL_NULL_CONVERSION = YES;
				CLANG_WARN_OBJC_IMPLICIT_RETAIN_SELF = YES;
				CLANG_WARN_OBJC_LITERAL_CONVERSION = YES;
				CLANG_WARN_OBJC_ROOT_CLASS = YES_ERROR;
				CLANG_WARN_QUOTED_INCLUDE_IN_FRAMEWORK_HEADER = YES;
				CLANG_WARN_RANGE_LOOP_ANALYSIS = YES;
				CLANG_WARN_STRICT_PROTOTYPES = YES;
				CLANG_WARN_SUSPICIOUS_MOVE = YES;
				CLANG_WARN_UNGUARDED_AVAILABILITY = YES_AGGRESSIVE;
				CLANG_WARN_UNREACHABLE_CODE = YES;
				CLANG_WARN__DUPLICATE_METHOD_MATCH = YES;
				COPY_PHASE_STRIP = NO;
				DEBUG_INFORMATION_FORMAT = "dwarf-with-dsym";
				ENABLE_NS_ASSERTIONS = NO;
				ENABLE_STRICT_OBJC_MSGSEND = YES;
				GCC_C_LANGUAGE_STANDARD = gnu11;
				GCC_NO_COMMON_BLOCKS = YES;
				GCC_WARN_64_TO_32_BIT_CONVERSION = YES;
				GCC_WARN_ABOUT_RETURN_TYPE = YES_ERROR;
				GCC_WARN_UNDECLARED_SELECTOR = YES;
				GCC_WARN_UNINITIALIZED_AUTOS = YES_AGGRESSIVE;
				GCC_WARN_UNUSED_FUNCTION = YES;
				GCC_WARN_UNUSED_VARIABLE = YES;
				IPHONEOS_DEPLOYMENT_TARGET = 16.1;
				MTL_ENABLE_DEBUG_INFO = NO;
				MTL_FAST_MATH = YES;
				SDKROOT = iphoneos;
				SWIFT_COMPILATION_MODE = wholemodule;
				SWIFT_OPTIMIZATION_LEVEL = "-O";
				VALIDATE_PRODUCT = YES;
			};
			name = Release;
		};
		61E5162E2A2922EC004DAA1D /* Debug */ = {
			isa = XCBuildConfiguration;
			baseConfigurationReference = DDFD36C4F2820D7268665050 /* Pods-InDoor-User.debug.xcconfig */;
			buildSettings = {
				ASSETCATALOG_COMPILER_APPICON_NAME = AppIcon;
				ASSETCATALOG_COMPILER_GLOBAL_ACCENT_COLOR_NAME = AccentColor;
				CODE_SIGN_STYLE = Automatic;
				CURRENT_PROJECT_VERSION = 1;
				GENERATE_INFOPLIST_FILE = YES;
				INFOPLIST_FILE = "InDoor-User/Info.plist";
				INFOPLIST_KEY_UIApplicationSupportsIndirectInputEvents = YES;
				INFOPLIST_KEY_UILaunchStoryboardName = LaunchScreen;
				INFOPLIST_KEY_UIMainStoryboardFile = Main;
				INFOPLIST_KEY_UISupportedInterfaceOrientations_iPad = "UIInterfaceOrientationPortrait UIInterfaceOrientationPortraitUpsideDown UIInterfaceOrientationLandscapeLeft UIInterfaceOrientationLandscapeRight";
				INFOPLIST_KEY_UISupportedInterfaceOrientations_iPhone = "UIInterfaceOrientationPortrait UIInterfaceOrientationLandscapeLeft UIInterfaceOrientationLandscapeRight";
				IPHONEOS_DEPLOYMENT_TARGET = 16.0;
				LD_RUNPATH_SEARCH_PATHS = (
					"$(inherited)",
					"@executable_path/Frameworks",
				);
				MARKETING_VERSION = 1.0;
				PRODUCT_BUNDLE_IDENTIFIER = "MAD43.InDoor-User";
				PRODUCT_NAME = "$(TARGET_NAME)";
				SWIFT_EMIT_LOC_STRINGS = YES;
				SWIFT_VERSION = 5.0;
				TARGETED_DEVICE_FAMILY = "1,2";
			};
			name = Debug;
		};
		61E5162F2A2922EC004DAA1D /* Release */ = {
			isa = XCBuildConfiguration;
			baseConfigurationReference = C5AE5D39916EDD5FAD54F078 /* Pods-InDoor-User.release.xcconfig */;
			buildSettings = {
				ASSETCATALOG_COMPILER_APPICON_NAME = AppIcon;
				ASSETCATALOG_COMPILER_GLOBAL_ACCENT_COLOR_NAME = AccentColor;
				CODE_SIGN_STYLE = Automatic;
				CURRENT_PROJECT_VERSION = 1;
				GENERATE_INFOPLIST_FILE = YES;
				INFOPLIST_FILE = "InDoor-User/Info.plist";
				INFOPLIST_KEY_UIApplicationSupportsIndirectInputEvents = YES;
				INFOPLIST_KEY_UILaunchStoryboardName = LaunchScreen;
				INFOPLIST_KEY_UIMainStoryboardFile = Main;
				INFOPLIST_KEY_UISupportedInterfaceOrientations_iPad = "UIInterfaceOrientationPortrait UIInterfaceOrientationPortraitUpsideDown UIInterfaceOrientationLandscapeLeft UIInterfaceOrientationLandscapeRight";
				INFOPLIST_KEY_UISupportedInterfaceOrientations_iPhone = "UIInterfaceOrientationPortrait UIInterfaceOrientationLandscapeLeft UIInterfaceOrientationLandscapeRight";
				IPHONEOS_DEPLOYMENT_TARGET = 16.0;
				LD_RUNPATH_SEARCH_PATHS = (
					"$(inherited)",
					"@executable_path/Frameworks",
				);
				MARKETING_VERSION = 1.0;
				PRODUCT_BUNDLE_IDENTIFIER = "MAD43.InDoor-User";
				PRODUCT_NAME = "$(TARGET_NAME)";
				SWIFT_EMIT_LOC_STRINGS = YES;
				SWIFT_VERSION = 5.0;
				TARGETED_DEVICE_FAMILY = "1,2";
			};
			name = Release;
		};
		61E516312A2922EC004DAA1D /* Debug */ = {
			isa = XCBuildConfiguration;
			baseConfigurationReference = C8F874C76010B8A0A1478160 /* Pods-InDoor-UserTests.debug.xcconfig */;
			buildSettings = {
				ALWAYS_EMBED_SWIFT_STANDARD_LIBRARIES = YES;
				BUNDLE_LOADER = "$(TEST_HOST)";
				CODE_SIGN_STYLE = Automatic;
				CURRENT_PROJECT_VERSION = 1;
				GENERATE_INFOPLIST_FILE = YES;
				IPHONEOS_DEPLOYMENT_TARGET = 16.0;
				MARKETING_VERSION = 1.0;
				PRODUCT_BUNDLE_IDENTIFIER = "MAD43.InDoor-UserTests";
				PRODUCT_NAME = "$(TARGET_NAME)";
				SWIFT_EMIT_LOC_STRINGS = NO;
				SWIFT_VERSION = 5.0;
				TARGETED_DEVICE_FAMILY = "1,2";
				TEST_HOST = "$(BUILT_PRODUCTS_DIR)/InDoor-User.app/$(BUNDLE_EXECUTABLE_FOLDER_PATH)/InDoor-User";
			};
			name = Debug;
		};
		61E516322A2922EC004DAA1D /* Release */ = {
			isa = XCBuildConfiguration;
			baseConfigurationReference = 17FF673E10ADD60325A23E8F /* Pods-InDoor-UserTests.release.xcconfig */;
			buildSettings = {
				ALWAYS_EMBED_SWIFT_STANDARD_LIBRARIES = YES;
				BUNDLE_LOADER = "$(TEST_HOST)";
				CODE_SIGN_STYLE = Automatic;
				CURRENT_PROJECT_VERSION = 1;
				GENERATE_INFOPLIST_FILE = YES;
				IPHONEOS_DEPLOYMENT_TARGET = 16.0;
				MARKETING_VERSION = 1.0;
				PRODUCT_BUNDLE_IDENTIFIER = "MAD43.InDoor-UserTests";
				PRODUCT_NAME = "$(TARGET_NAME)";
				SWIFT_EMIT_LOC_STRINGS = NO;
				SWIFT_VERSION = 5.0;
				TARGETED_DEVICE_FAMILY = "1,2";
				TEST_HOST = "$(BUILT_PRODUCTS_DIR)/InDoor-User.app/$(BUNDLE_EXECUTABLE_FOLDER_PATH)/InDoor-User";
			};
			name = Release;
		};
		61E516342A2922EC004DAA1D /* Debug */ = {
			isa = XCBuildConfiguration;
			baseConfigurationReference = 65953E881A48EFEF3F9846B5 /* Pods-InDoor-User-InDoor-UserUITests.debug.xcconfig */;
			buildSettings = {
				ALWAYS_EMBED_SWIFT_STANDARD_LIBRARIES = YES;
				CODE_SIGN_STYLE = Automatic;
				CURRENT_PROJECT_VERSION = 1;
				GENERATE_INFOPLIST_FILE = YES;
				MARKETING_VERSION = 1.0;
				PRODUCT_BUNDLE_IDENTIFIER = "MAD43.InDoor-UserUITests";
				PRODUCT_NAME = "$(TARGET_NAME)";
				SWIFT_EMIT_LOC_STRINGS = NO;
				SWIFT_VERSION = 5.0;
				TARGETED_DEVICE_FAMILY = "1,2";
				TEST_TARGET_NAME = "InDoor-User";
			};
			name = Debug;
		};
		61E516352A2922EC004DAA1D /* Release */ = {
			isa = XCBuildConfiguration;
			baseConfigurationReference = 1BE9DD7E0D2E0FD0EE4A7294 /* Pods-InDoor-User-InDoor-UserUITests.release.xcconfig */;
			buildSettings = {
				ALWAYS_EMBED_SWIFT_STANDARD_LIBRARIES = YES;
				CODE_SIGN_STYLE = Automatic;
				CURRENT_PROJECT_VERSION = 1;
				GENERATE_INFOPLIST_FILE = YES;
				MARKETING_VERSION = 1.0;
				PRODUCT_BUNDLE_IDENTIFIER = "MAD43.InDoor-UserUITests";
				PRODUCT_NAME = "$(TARGET_NAME)";
				SWIFT_EMIT_LOC_STRINGS = NO;
				SWIFT_VERSION = 5.0;
				TARGETED_DEVICE_FAMILY = "1,2";
				TEST_TARGET_NAME = "InDoor-User";
			};
			name = Release;
		};
/* End XCBuildConfiguration section */

/* Begin XCConfigurationList section */
		61E515FB2A2922EA004DAA1D /* Build configuration list for PBXProject "InDoor-User" */ = {
			isa = XCConfigurationList;
			buildConfigurations = (
				61E5162B2A2922EC004DAA1D /* Debug */,
				61E5162C2A2922EC004DAA1D /* Release */,
			);
			defaultConfigurationIsVisible = 0;
			defaultConfigurationName = Release;
		};
		61E5162D2A2922EC004DAA1D /* Build configuration list for PBXNativeTarget "InDoor-User" */ = {
			isa = XCConfigurationList;
			buildConfigurations = (
				61E5162E2A2922EC004DAA1D /* Debug */,
				61E5162F2A2922EC004DAA1D /* Release */,
			);
			defaultConfigurationIsVisible = 0;
			defaultConfigurationName = Release;
		};
		61E516302A2922EC004DAA1D /* Build configuration list for PBXNativeTarget "InDoor-UserTests" */ = {
			isa = XCConfigurationList;
			buildConfigurations = (
				61E516312A2922EC004DAA1D /* Debug */,
				61E516322A2922EC004DAA1D /* Release */,
			);
			defaultConfigurationIsVisible = 0;
			defaultConfigurationName = Release;
		};
		61E516332A2922EC004DAA1D /* Build configuration list for PBXNativeTarget "InDoor-UserUITests" */ = {
			isa = XCConfigurationList;
			buildConfigurations = (
				61E516342A2922EC004DAA1D /* Debug */,
				61E516352A2922EC004DAA1D /* Release */,
			);
			defaultConfigurationIsVisible = 0;
			defaultConfigurationName = Release;
		};
/* End XCConfigurationList section */

/* Begin XCVersionGroup section */
		61E5160C2A2922EA004DAA1D /* InDoor_User.xcdatamodeld */ = {
			isa = XCVersionGroup;
			children = (
				61E5160D2A2922EA004DAA1D /* InDoor_User.xcdatamodel */,
			);
			currentVersion = 61E5160D2A2922EA004DAA1D /* InDoor_User.xcdatamodel */;
			path = InDoor_User.xcdatamodeld;
			sourceTree = "<group>";
			versionGroupType = wrapper.xcdatamodel;
		};
/* End XCVersionGroup section */
	};
	rootObject = 61E515F82A2922EA004DAA1D /* Project object */;
}
